
Microsoft Visual Studio Solution File, Format Version 12.00
# Visual Studio Version 17
VisualStudioVersion = 17.14.36915.13 d17.14
MinimumVisualStudioVersion = 10.0.40219.1
Project("{FAE04EC0-301F-11D3-BF4B-00C04F79EFBC}") = "IT_ELECTIVE_2_BSIT31E1_PREFINAL_QUIZ_MENDOZA_STEPHANIE", "IT_ELECTIVE_2_BSIT31E1_PREFINAL_QUIZ_MENDOZA_STEPHANIE.csproj", "{30BA20A0-BE5D-4FCD-8E3F-CEE3A09BA730}"
EndProject
Global
	GlobalSection(SolutionConfigurationPlatforms) = preSolution
		Debug|Any CPU = Debug|Any CPU
		Release|Any CPU = Release|Any CPU
	EndGlobalSection
	GlobalSection(ProjectConfigurationPlatforms) = postSolution
		{30BA20A0-BE5D-4FCD-8E3F-CEE3A09BA730}.Debug|Any CPU.ActiveCfg = Debug|Any CPU
		{30BA20A0-BE5D-4FCD-8E3F-CEE3A09BA730}.Debug|Any CPU.Build.0 = Debug|Any CPU
		{30BA20A0-BE5D-4FCD-8E3F-CEE3A09BA730}.Release|Any CPU.ActiveCfg = Release|Any CPU
		{30BA20A0-BE5D-4FCD-8E3F-CEE3A09BA730}.Release|Any CPU.Build.0 = Release|Any CPU
	EndGlobalSection
	GlobalSection(SolutionProperties) = preSolution
		HideSolutionNode = FALSE
	EndGlobalSection
	GlobalSection(ExtensibilityGlobals) = postSolution
		SolutionGuid = {EC2853B6-E5E6-410E-BB18-EC7FFDF81689}
	EndGlobalSection
EndGlobal
